Microsoft Visual Studio Solution File, Format Version 12.00
# Visual Studio 14
Project("{8BC9CEB8-8B4A-11D0-8D11-00A0C91BC942}") = "ALL_BUILD", "ALL_BUILD.vcxproj", "{5062DB69-B281-31B0-A7A9-33E0D4C04EB8}"
	ProjectSection(ProjectDependencies) = postProject
		{B61E3069-37D7-3E91-B06B-0B6542DAC451} = {B61E3069-37D7-3E91-B06B-0B6542DAC451}
		{BEFEBD83-96AC-3DCA-83E1-76F080DFD157} = {BEFEBD83-96AC-3DCA-83E1-76F080DFD157}
		{4809AD1D-7BF7-3B0A-9B9B-ACEE82B6818D} = {4809AD1D-7BF7-3B0A-9B9B-ACEE82B6818D}
		{4A89BCD6-3190-38F9-B9B9-2AB220958E58} = {4A89BCD6-3190-38F9-B9B9-2AB220958E58}
		{7BCC9C24-AF6E-32B7-9B05-79A1FD77D246} = {7BCC9C24-AF6E-32B7-9B05-79A1FD77D246}
		{40A22199-2B2C-3242-A2FE-8F893D53C85D} = {40A22199-2B2C-3242-A2FE-8F893D53C85D}
		{343B7FFC-E161-32BC-BF38-967F29B4E68A} = {343B7FFC-E161-32BC-BF38-967F29B4E68A}
		{C25D099D-E8DE-3543-9DD6-8E2B48CB3C63} = {C25D099D-E8DE-3543-9DD6-8E2B48CB3C63}
		{831E0593-5D17-304B-AF3E-615FFF760314} = {831E0593-5D17-304B-AF3E-615FFF760314}
		{4314C5B6-AC30-3054-9906-3BAAB8984454} = {4314C5B6-AC30-3054-9906-3BAAB8984454}
		{15C2F620-6BF3-3443-8C34-FA4A8E6F78DA} = {15C2F620-6BF3-3443-8C34-FA4A8E6F78DA}
		{BC92AAE6-0C6E-3E2B-B668-447F756F014B} = {BC92AAE6-0C6E-3E2B-B668-447F756F014B}
		{5C61407A-E82A-3DEC-B8B5-39BC3DFC2DED} = {5C61407A-E82A-3DEC-B8B5-39BC3DFC2DED}
		{817AA1D3-E58B-363D-976C-B47E024BC7CB} = {817AA1D3-E58B-363D-976C-B47E024BC7CB}
		{25194C13-BB30-3386-9FED-FE12FE8201CA} = {25194C13-BB30-3386-9FED-FE12FE8201CA}
		{B87A9BF2-9FEC-3EEA-85B8-9011249621FC} = {B87A9BF2-9FEC-3EEA-85B8-9011249621FC}
		{DE5E86A7-D640-334C-8966-277E09257C35} = {DE5E86A7-D640-334C-8966-277E09257C35}
		{D2856475-583C-35DD-94CF-72C70BB92125} = {D2856475-583C-35DD-94CF-72C70BB92125}
		{94CC2F3F-7740-3149-835E-1925A0462233} = {94CC2F3F-7740-3149-835E-1925A0462233}
		{7D7751CB-AF93-3ACE-B49B-1DF73D969C0C} = {7D7751CB-AF93-3ACE-B49B-1DF73D969C0C}
		{DD74D960-55DB-30FA-BE36-58EB4DEDABE9} = {DD74D960-55DB-30FA-BE36-58EB4DEDABE9}
		{C16A468D-1BF0-36A2-92B6-99BF60822194} = {C16A468D-1BF0-36A2-92B6-99BF60822194}
		{C2D4451D-D9C9-3AA2-B5F7-8F7AE5C6D493} = {C2D4451D-D9C9-3AA2-B5F7-8F7AE5C6D493}
		{062731FE-823A-3DB2-B9D9-866AA853EEE6} = {062731FE-823A-3DB2-B9D9-866AA853EEE6}
		{40484F4F-A861-3565-A442-618B5B345722} = {40484F4F-A861-3565-A442-618B5B345722}
		{218A8805-7868-3EFA-A202-F42C3597CFA7} = {218A8805-7868-3EFA-A202-F42C3597CFA7}
		{1F421DC9-6178-33C1-A550-6E415570B463} = {1F421DC9-6178-33C1-A550-6E415570B463}
		{C5019A7C-7EDB-33DF-A2AD-4B84BF7CA7D8} = {C5019A7C-7EDB-33DF-A2AD-4B84BF7CA7D8}
		{856AEFA2-2E9B-35CC-B2EF-674ADADE2BE1} = {856AEFA2-2E9B-35CC-B2EF-674ADADE2BE1}
		{9D05034A-7EF9-3388-980E-4184792F9608} = {9D05034A-7EF9-3388-980E-4184792F9608}
		{F5517F39-0B72-38DA-9D29-BBB0988EDBCD} = {F5517F39-0B72-38DA-9D29-BBB0988EDBCD}
		{B0AE3C27-26F7-3A2D-86EB-83A55E265C6B} = {B0AE3C27-26F7-3A2D-86EB-83A55E265C6B}
		{BAB0260F-274C-3462-9B49-71DD1E23568C} = {BAB0260F-274C-3462-9B49-71DD1E23568C}
		{51DD5D3F-D36F-32F3-A2AC-15102916BEDB} = {51DD5D3F-D36F-32F3-A2AC-15102916BEDB}
		{3E463D38-671C-3512-8985-C89EDEBE3B88} = {3E463D38-671C-3512-8985-C89EDEBE3B88}
		{B5B07831-1386-3624-9D89-F7192C1B6E75} = {B5B07831-1386-3624-9D89-F7192C1B6E75}
		{D0F17626-9E79-3542-9168-AA8DC83ED482} = {D0F17626-9E79-3542-9168-AA8DC83ED482}
		{58B16721-FA3A-3B1D-8E29-EC8DEBD85CED} = {58B16721-FA3A-3B1D-8E29-EC8DEBD85CED}
		{C8B84239-E385-3B90-A9C1-9ABFF754D31D} = {C8B84239-E385-3B90-A9C1-9ABFF754D31D}
		{3713F1FB-9F1E-3939-831A-F2DF0F3BBCCB} = {3713F1FB-9F1E-3939-831A-F2DF0F3BBCCB}
		{832EAE3A-8583-32D1-AB1B-A0D99D5EB892} = {832EAE3A-8583-32D1-AB1B-A0D99D5EB892}
		{F5A67C00-9AC4-3666-94FC-484497D93488} = {F5A67C00-9AC4-3666-94FC-484497D93488}
		{5CD39317-CC15-37AB-8AC9-B18FA92E951A} = {5CD39317-CC15-37AB-8AC9-B18FA92E951A}
	EndProjectSection
EndProject
Project("{8BC9CEB8-8B4A-11D0-8D11-00A0C91BC942}") = "1.getting_started_1.hello_window", "1.getting_started_1.hello_window.vcxproj", "{B61E3069-37D7-3E91-B06B-0B6542DAC451}"
	ProjectSection(ProjectDependencies) = postProject
		{F5A67C00-9AC4-3666-94FC-484497D93488} = {F5A67C00-9AC4-3666-94FC-484497D93488}
		{5CD39317-CC15-37AB-8AC9-B18FA92E951A} = {5CD39317-CC15-37AB-8AC9-B18FA92E951A}
	EndProjectSection
EndProject
Project("{8BC9CEB8-8B4A-11D0-8D11-00A0C91BC942}") = "1.getting_started_2.hello_triangle", "1.getting_started_2.hello_triangle.vcxproj", "{BEFEBD83-96AC-3DCA-83E1-76F080DFD157}"
	ProjectSection(ProjectDependencies) = postProject
		{F5A67C00-9AC4-3666-94FC-484497D93488} = {F5A67C00-9AC4-3666-94FC-484497D93488}
		{5CD39317-CC15-37AB-8AC9-B18FA92E951A} = {5CD39317-CC15-37AB-8AC9-B18FA92E951A}
	EndProjectSection
EndProject
Project("{8BC9CEB8-8B4A-11D0-8D11-00A0C91BC942}") = "1.getting_started_3.shaders", "1.getting_started_3.shaders.vcxproj", "{4809AD1D-7BF7-3B0A-9B9B-ACEE82B6818D}"
	ProjectSection(ProjectDependencies) = postProject
		{F5A67C00-9AC4-3666-94FC-484497D93488} = {F5A67C00-9AC4-3666-94FC-484497D93488}
		{5CD39317-CC15-37AB-8AC9-B18FA92E951A} = {5CD39317-CC15-37AB-8AC9-B18FA92E951A}
	EndProjectSection
EndProject
Project("{8BC9CEB8-8B4A-11D0-8D11-00A0C91BC942}") = "1.getting_started_4.textures", "1.getting_started_4.textures.vcxproj", "{4A89BCD6-3190-38F9-B9B9-2AB220958E58}"
	ProjectSection(ProjectDependencies) = postProject
		{F5A67C00-9AC4-3666-94FC-484497D93488} = {F5A67C00-9AC4-3666-94FC-484497D93488}
		{5CD39317-CC15-37AB-8AC9-B18FA92E951A} = {5CD39317-CC15-37AB-8AC9-B18FA92E951A}
	EndProjectSection
EndProject
Project("{8BC9CEB8-8B4A-11D0-8D11-00A0C91BC942}") = "1.getting_started_5.transformations", "1.getting_started_5.transformations.vcxproj", "{7BCC9C24-AF6E-32B7-9B05-79A1FD77D246}"
	ProjectSection(ProjectDependencies) = postProject
		{F5A67C00-9AC4-3666-94FC-484497D93488} = {F5A67C00-9AC4-3666-94FC-484497D93488}
		{5CD39317-CC15-37AB-8AC9-B18FA92E951A} = {5CD39317-CC15-37AB-8AC9-B18FA92E951A}
	EndProjectSection
EndProject
Project("{8BC9CEB8-8B4A-11D0-8D11-00A0C91BC942}") = "1.getting_started_6.coordinate_systems", "1.getting_started_6.coordinate_systems.vcxproj", "{40A22199-2B2C-3242-A2FE-8F893D53C85D}"
	ProjectSection(ProjectDependencies) = postProject
		{F5A67C00-9AC4-3666-94FC-484497D93488} = {F5A67C00-9AC4-3666-94FC-484497D93488}
		{5CD39317-CC15-37AB-8AC9-B18FA92E951A} = {5CD39317-CC15-37AB-8AC9-B18FA92E951A}
	EndProjectSection
EndProject
Project("{8BC9CEB8-8B4A-11D0-8D11-00A0C91BC942}") = "1.getting_started_7.camera", "1.getting_started_7.camera.vcxproj", "{343B7FFC-E161-32BC-BF38-967F29B4E68A}"
	ProjectSection(ProjectDependencies) = postProject
		{F5A67C00-9AC4-3666-94FC-484497D93488} = {F5A67C00-9AC4-3666-94FC-484497D93488}
		{5CD39317-CC15-37AB-8AC9-B18FA92E951A} = {5CD39317-CC15-37AB-8AC9-B18FA92E951A}
	EndProjectSection
EndProject
Project("{8BC9CEB8-8B4A-11D0-8D11-00A0C91BC942}") = "2.lighting_1.colors", "2.lighting_1.colors.vcxproj", "{C25D099D-E8DE-3543-9DD6-8E2B48CB3C63}"
	ProjectSection(ProjectDependencies) = postProject
		{F5A67C00-9AC4-3666-94FC-484497D93488} = {F5A67C00-9AC4-3666-94FC-484497D93488}
		{5CD39317-CC15-37AB-8AC9-B18FA92E951A} = {5CD39317-CC15-37AB-8AC9-B18FA92E951A}
	EndProjectSection
EndProject
Project("{8BC9CEB8-8B4A-11D0-8D11-00A0C91BC942}") = "2.lighting_2.basic_lighting", "2.lighting_2.basic_lighting.vcxproj", "{831E0593-5D17-304B-AF3E-615FFF760314}"
	ProjectSection(ProjectDependencies) = postProject
		{F5A67C00-9AC4-3666-94FC-484497D93488} = {F5A67C00-9AC4-3666-94FC-484497D93488}
		{5CD39317-CC15-37AB-8AC9-B18FA92E951A} = {5CD39317-CC15-37AB-8AC9-B18FA92E951A}
	EndProjectSection
EndProject
Project("{8BC9CEB8-8B4A-11D0-8D11-00A0C91BC942}") = "2.lighting_3.materials", "2.lighting_3.materials.vcxproj", "{4314C5B6-AC30-3054-9906-3BAAB8984454}"
	ProjectSection(ProjectDependencies) = postProject
		{F5A67C00-9AC4-3666-94FC-484497D93488} = {F5A67C00-9AC4-3666-94FC-484497D93488}
		{5CD39317-CC15-37AB-8AC9-B18FA92E951A} = {5CD39317-CC15-37AB-8AC9-B18FA92E951A}
	EndProjectSection
EndProject
Project("{8BC9CEB8-8B4A-11D0-8D11-00A0C91BC942}") = "2.lighting_4.lighting_maps", "2.lighting_4.lighting_maps.vcxproj", "{15C2F620-6BF3-3443-8C34-FA4A8E6F78DA}"
	ProjectSection(ProjectDependencies) = postProject
		{F5A67C00-9AC4-3666-94FC-484497D93488} = {F5A67C00-9AC4-3666-94FC-484497D93488}
		{5CD39317-CC15-37AB-8AC9-B18FA92E951A} = {5CD39317-CC15-37AB-8AC9-B18FA92E951A}
	EndProjectSection
EndProject
Project("{8BC9CEB8-8B4A-11D0-8D11-00A0C91BC942}") = "2.lighting_5.light_casters", "2.lighting_5.light_casters.vcxproj", "{BC92AAE6-0C6E-3E2B-B668-447F756F014B}"
	ProjectSection(ProjectDependencies) = postProject
		{F5A67C00-9AC4-3666-94FC-484497D93488} = {F5A67C00-9AC4-3666-94FC-484497D93488}
		{5CD39317-CC15-37AB-8AC9-B18FA92E951A} = {5CD39317-CC15-37AB-8AC9-B18FA92E951A}
	EndProjectSection
EndProject
Project("{8BC9CEB8-8B4A-11D0-8D11-00A0C91BC942}") = "2.lighting_6.multiple_lights", "2.lighting_6.multiple_lights.vcxproj", "{5C61407A-E82A-3DEC-B8B5-39BC3DFC2DED}"
	ProjectSection(ProjectDependencies) = postProject
		{F5A67C00-9AC4-3666-94FC-484497D93488} = {F5A67C00-9AC4-3666-94FC-484497D93488}
		{5CD39317-CC15-37AB-8AC9-B18FA92E951A} = {5CD39317-CC15-37AB-8AC9-B18FA92E951A}
	EndProjectSection
EndProject
Project("{8BC9CEB8-8B4A-11D0-8D11-00A0C91BC942}") = "3.model_loading_1.model_loading", "3.model_loading_1.model_loading.vcxproj", "{817AA1D3-E58B-363D-976C-B47E024BC7CB}"
	ProjectSection(ProjectDependencies) = postProject
		{F5A67C00-9AC4-3666-94FC-484497D93488} = {F5A67C00-9AC4-3666-94FC-484497D93488}
		{5CD39317-CC15-37AB-8AC9-B18FA92E951A} = {5CD39317-CC15-37AB-8AC9-B18FA92E951A}
	EndProjectSection
EndProject
Project("{8BC9CEB8-8B4A-11D0-8D11-00A0C91BC942}") = "4.advanced_opengl_1.depth_testing", "4.advanced_opengl_1.depth_testing.vcxproj", "{25194C13-BB30-3386-9FED-FE12FE8201CA}"
	ProjectSection(ProjectDependencies) = postProject
		{F5A67C00-9AC4-3666-94FC-484497D93488} = {F5A67C00-9AC4-3666-94FC-484497D93488}
		{5CD39317-CC15-37AB-8AC9-B18FA92E951A} = {5CD39317-CC15-37AB-8AC9-B18FA92E951A}
	EndProjectSection
EndProject
Project("{8BC9CEB8-8B4A-11D0-8D11-00A0C91BC942}") = "4.advanced_opengl_10.instancing", "4.advanced_opengl_10.instancing.vcxproj", "{B87A9BF2-9FEC-3EEA-85B8-9011249621FC}"
	ProjectSection(ProjectDependencies) = postProject
		{F5A67C00-9AC4-3666-94FC-484497D93488} = {F5A67C00-9AC4-3666-94FC-484497D93488}
		{5CD39317-CC15-37AB-8AC9-B18FA92E951A} = {5CD39317-CC15-37AB-8AC9-B18FA92E951A}
	EndProjectSection
EndProject
Project("{8BC9CEB8-8B4A-11D0-8D11-00A0C91BC942}") = "4.advanced_opengl_11.anti_aliasing", "4.advanced_opengl_11.anti_aliasing.vcxproj", "{DE5E86A7-D640-334C-8966-277E09257C35}"
	ProjectSection(ProjectDependencies) = postProject
		{F5A67C00-9AC4-3666-94FC-484497D93488} = {F5A67C00-9AC4-3666-94FC-484497D93488}
		{5CD39317-CC15-37AB-8AC9-B18FA92E951A} = {5CD39317-CC15-37AB-8AC9-B18FA92E951A}
	EndProjectSection
EndProject
Project("{8BC9CEB8-8B4A-11D0-8D11-00A0C91BC942}") = "4.advanced_opengl_2.stencil_testing", "4.advanced_opengl_2.stencil_testing.vcxproj", "{D2856475-583C-35DD-94CF-72C70BB92125}"
	ProjectSection(ProjectDependencies) = postProject
		{F5A67C00-9AC4-3666-94FC-484497D93488} = {F5A67C00-9AC4-3666-94FC-484497D93488}
		{5CD39317-CC15-37AB-8AC9-B18FA92E951A} = {5CD39317-CC15-37AB-8AC9-B18FA92E951A}
	EndProjectSection
EndProject
Project("{8BC9CEB8-8B4A-11D0-8D11-00A0C91BC942}") = "4.advanced_opengl_3.1.blending_discard", "4.advanced_opengl_3.1.blending_discard.vcxproj", "{94CC2F3F-7740-3149-835E-1925A0462233}"
	ProjectSection(ProjectDependencies) = postProject
		{F5A67C00-9AC4-3666-94FC-484497D93488} = {F5A67C00-9AC4-3666-94FC-484497D93488}
		{5CD39317-CC15-37AB-8AC9-B18FA92E951A} = {5CD39317-CC15-37AB-8AC9-B18FA92E951A}
	EndProjectSection
EndProject
Project("{8BC9CEB8-8B4A-11D0-8D11-00A0C91BC942}") = "4.advanced_opengl_3.2.blending_sort", "4.advanced_opengl_3.2.blending_sort.vcxproj", "{7D7751CB-AF93-3ACE-B49B-1DF73D969C0C}"
	ProjectSection(ProjectDependencies) = postProject
		{F5A67C00-9AC4-3666-94FC-484497D93488} = {F5A67C00-9AC4-3666-94FC-484497D93488}
		{5CD39317-CC15-37AB-8AC9-B18FA92E951A} = {5CD39317-CC15-37AB-8AC9-B18FA92E951A}
	EndProjectSection
EndProject
Project("{8BC9CEB8-8B4A-11D0-8D11-00A0C91BC942}") = "4.advanced_opengl_5.framebuffers", "4.advanced_opengl_5.framebuffers.vcxproj", "{DD74D960-55DB-30FA-BE36-58EB4DEDABE9}"
	ProjectSection(ProjectDependencies) = postProject
		{F5A67C00-9AC4-3666-94FC-484497D93488} = {F5A67C00-9AC4-3666-94FC-484497D93488}
		{5CD39317-CC15-37AB-8AC9-B18FA92E951A} = {5CD39317-CC15-37AB-8AC9-B18FA92E951A}
	EndProjectSection
EndProject
Project("{8BC9CEB8-8B4A-11D0-8D11-00A0C91BC942}") = "4.advanced_opengl_6.cubemaps", "4.advanced_opengl_6.cubemaps.vcxproj", "{C16A468D-1BF0-36A2-92B6-99BF60822194}"
	ProjectSection(ProjectDependencies) = postProject
		{F5A67C00-9AC4-3666-94FC-484497D93488} = {F5A67C00-9AC4-3666-94FC-484497D93488}
		{5CD39317-CC15-37AB-8AC9-B18FA92E951A} = {5CD39317-CC15-37AB-8AC9-B18FA92E951A}
	EndProjectSection
EndProject
Project("{8BC9CEB8-8B4A-11D0-8D11-00A0C91BC942}") = "4.advanced_opengl_8.advanced_glsl", "4.advanced_opengl_8.advanced_glsl.vcxproj", "{C2D4451D-D9C9-3AA2-B5F7-8F7AE5C6D493}"
	ProjectSection(ProjectDependencies) = postProject
		{F5A67C00-9AC4-3666-94FC-484497D93488} = {F5A67C00-9AC4-3666-94FC-484497D93488}
		{5CD39317-CC15-37AB-8AC9-B18FA92E951A} = {5CD39317-CC15-37AB-8AC9-B18FA92E951A}
	EndProjectSection
EndProject
Project("{8BC9CEB8-8B4A-11D0-8D11-00A0C91BC942}") = "4.advanced_opengl_9.geometry_shader", "4.advanced_opengl_9.geometry_shader.vcxproj", "{062731FE-823A-3DB2-B9D9-866AA853EEE6}"
	ProjectSection(ProjectDependencies) = postProject
		{F5A67C00-9AC4-3666-94FC-484497D93488} = {F5A67C00-9AC4-3666-94FC-484497D93488}
		{5CD39317-CC15-37AB-8AC9-B18FA92E951A} = {5CD39317-CC15-37AB-8AC9-B18FA92E951A}
	EndProjectSection
EndProject
Project("{8BC9CEB8-8B4A-11D0-8D11-00A0C91BC942}") = "5.advanced_lighting_1.advanced_lighting", "5.advanced_lighting_1.advanced_lighting.vcxproj", "{40484F4F-A861-3565-A442-618B5B345722}"
	ProjectSection(ProjectDependencies) = postProject
		{F5A67C00-9AC4-3666-94FC-484497D93488} = {F5A67C00-9AC4-3666-94FC-484497D93488}
		{5CD39317-CC15-37AB-8AC9-B18FA92E951A} = {5CD39317-CC15-37AB-8AC9-B18FA92E951A}
	EndProjectSection
EndProject
Project("{8BC9CEB8-8B4A-11D0-8D11-00A0C91BC942}") = "5.advanced_lighting_2.gamma_correction", "5.advanced_lighting_2.gamma_correction.vcxproj", "{218A8805-7868-3EFA-A202-F42C3597CFA7}"
	ProjectSection(ProjectDependencies) = postProject
		{F5A67C00-9AC4-3666-94FC-484497D93488} = {F5A67C00-9AC4-3666-94FC-484497D93488}
		{5CD39317-CC15-37AB-8AC9-B18FA92E951A} = {5CD39317-CC15-37AB-8AC9-B18FA92E951A}
	EndProjectSection
EndProject
Project("{8BC9CEB8-8B4A-11D0-8D11-00A0C91BC942}") = "5.advanced_lighting_3.1.shadow_mapping", "5.advanced_lighting_3.1.shadow_mapping.vcxproj", "{1F421DC9-6178-33C1-A550-6E415570B463}"
	ProjectSection(ProjectDependencies) = postProject
		{F5A67C00-9AC4-3666-94FC-484497D93488} = {F5A67C00-9AC4-3666-94FC-484497D93488}
		{5CD39317-CC15-37AB-8AC9-B18FA92E951A} = {5CD39317-CC15-37AB-8AC9-B18FA92E951A}
	EndProjectSection
EndProject
Project("{8BC9CEB8-8B4A-11D0-8D11-00A0C91BC942}") = "5.advanced_lighting_3.2.point_shadows", "5.advanced_lighting_3.2.point_shadows.vcxproj", "{C5019A7C-7EDB-33DF-A2AD-4B84BF7CA7D8}"
	ProjectSection(ProjectDependencies) = postProject
		{F5A67C00-9AC4-3666-94FC-484497D93488} = {F5A67C00-9AC4-3666-94FC-484497D93488}
		{5CD39317-CC15-37AB-8AC9-B18FA92E951A} = {5CD39317-CC15-37AB-8AC9-B18FA92E951A}
	EndProjectSection
EndProject
Project("{8BC9CEB8-8B4A-11D0-8D11-00A0C91BC942}") = "5.advanced_lighting_4.normal_mapping", "5.advanced_lighting_4.normal_mapping.vcxproj", "{856AEFA2-2E9B-35CC-B2EF-674ADADE2BE1}"
	ProjectSection(ProjectDependencies) = postProject
		{F5A67C00-9AC4-3666-94FC-484497D93488} = {F5A67C00-9AC4-3666-94FC-484497D93488}
		{5CD39317-CC15-37AB-8AC9-B18FA92E951A} = {5CD39317-CC15-37AB-8AC9-B18FA92E951A}
	EndProjectSection
EndProject
Project("{8BC9CEB8-8B4A-11D0-8D11-00A0C91BC942}") = "5.advanced_lighting_5.parallax_mapping", "5.advanced_lighting_5.parallax_mapping.vcxproj", "{9D05034A-7EF9-3388-980E-4184792F9608}"
	ProjectSection(ProjectDependencies) = postProject
		{F5A67C00-9AC4-3666-94FC-484497D93488} = {F5A67C00-9AC4-3666-94FC-484497D93488}
		{5CD39317-CC15-37AB-8AC9-B18FA92E951A} = {5CD39317-CC15-37AB-8AC9-B18FA92E951A}
	EndProjectSection
EndProject
Project("{8BC9CEB8-8B4A-11D0-8D11-00A0C91BC942}") = "5.advanced_lighting_6.hdr", "5.advanced_lighting_6.hdr.vcxproj", "{F5517F39-0B72-38DA-9D29-BBB0988EDBCD}"
	ProjectSection(ProjectDependencies) = postProject
		{F5A67C00-9AC4-3666-94FC-484497D93488} = {F5A67C00-9AC4-3666-94FC-484497D93488}
		{5CD39317-CC15-37AB-8AC9-B18FA92E951A} = {5CD39317-CC15-37AB-8AC9-B18FA92E951A}
	EndProjectSection
EndProject
Project("{8BC9CEB8-8B4A-11D0-8D11-00A0C91BC942}") = "5.advanced_lighting_7.bloom", "5.advanced_lighting_7.bloom.vcxproj", "{B0AE3C27-26F7-3A2D-86EB-83A55E265C6B}"
	ProjectSection(ProjectDependencies) = postProject
		{F5A67C00-9AC4-3666-94FC-484497D93488} = {F5A67C00-9AC4-3666-94FC-484497D93488}
		{5CD39317-CC15-37AB-8AC9-B18FA92E951A} = {5CD39317-CC15-37AB-8AC9-B18FA92E951A}
	EndProjectSection
EndProject
Project("{8BC9CEB8-8B4A-11D0-8D11-00A0C91BC942}") = "5.advanced_lighting_8.deferred_shading", "5.advanced_lighting_8.deferred_shading.vcxproj", "{BAB0260F-274C-3462-9B49-71DD1E23568C}"
	ProjectSection(ProjectDependencies) = postProject
		{F5A67C00-9AC4-3666-94FC-484497D93488} = {F5A67C00-9AC4-3666-94FC-484497D93488}
		{5CD39317-CC15-37AB-8AC9-B18FA92E951A} = {5CD39317-CC15-37AB-8AC9-B18FA92E951A}
	EndProjectSection
EndProject
Project("{8BC9CEB8-8B4A-11D0-8D11-00A0C91BC942}") = "5.advanced_lighting_9.ssao", "5.advanced_lighting_9.ssao.vcxproj", "{51DD5D3F-D36F-32F3-A2AC-15102916BEDB}"
	ProjectSection(ProjectDependencies) = postProject
		{F5A67C00-9AC4-3666-94FC-484497D93488} = {F5A67C00-9AC4-3666-94FC-484497D93488}
		{5CD39317-CC15-37AB-8AC9-B18FA92E951A} = {5CD39317-CC15-37AB-8AC9-B18FA92E951A}
	EndProjectSection
EndProject
Project("{8BC9CEB8-8B4A-11D0-8D11-00A0C91BC942}") = "6.pbr_1.1.lighting", "6.pbr_1.1.lighting.vcxproj", "{3E463D38-671C-3512-8985-C89EDEBE3B88}"
	ProjectSection(ProjectDependencies) = postProject
		{F5A67C00-9AC4-3666-94FC-484497D93488} = {F5A67C00-9AC4-3666-94FC-484497D93488}
		{5CD39317-CC15-37AB-8AC9-B18FA92E951A} = {5CD39317-CC15-37AB-8AC9-B18FA92E951A}
	EndProjectSection
EndProject
Project("{8BC9CEB8-8B4A-11D0-8D11-00A0C91BC942}") = "6.pbr_1.2.lighting_textured", "6.pbr_1.2.lighting_textured.vcxproj", "{B5B07831-1386-3624-9D89-F7192C1B6E75}"
	ProjectSection(ProjectDependencies) = postProject
		{F5A67C00-9AC4-3666-94FC-484497D93488} = {F5A67C00-9AC4-3666-94FC-484497D93488}
		{5CD39317-CC15-37AB-8AC9-B18FA92E951A} = {5CD39317-CC15-37AB-8AC9-B18FA92E951A}
	EndProjectSection
EndProject
Project("{8BC9CEB8-8B4A-11D0-8D11-00A0C91BC942}") = "6.pbr_2.1.1.ibl_irradiance_conversion", "6.pbr_2.1.1.ibl_irradiance_conversion.vcxproj", "{D0F17626-9E79-3542-9168-AA8DC83ED482}"
	ProjectSection(ProjectDependencies) = postProject
		{F5A67C00-9AC4-3666-94FC-484497D93488} = {F5A67C00-9AC4-3666-94FC-484497D93488}
		{5CD39317-CC15-37AB-8AC9-B18FA92E951A} = {5CD39317-CC15-37AB-8AC9-B18FA92E951A}
	EndProjectSection
EndProject
Project("{8BC9CEB8-8B4A-11D0-8D11-00A0C91BC942}") = "6.pbr_2.1.2.ibl_irradiance", "6.pbr_2.1.2.ibl_irradiance.vcxproj", "{58B16721-FA3A-3B1D-8E29-EC8DEBD85CED}"
	ProjectSection(ProjectDependencies) = postProject
		{F5A67C00-9AC4-3666-94FC-484497D93488} = {F5A67C00-9AC4-3666-94FC-484497D93488}
		{5CD39317-CC15-37AB-8AC9-B18FA92E951A} = {5CD39317-CC15-37AB-8AC9-B18FA92E951A}
	EndProjectSection
EndProject
Project("{8BC9CEB8-8B4A-11D0-8D11-00A0C91BC942}") = "6.pbr_2.2.1.ibl_specular", "6.pbr_2.2.1.ibl_specular.vcxproj", "{C8B84239-E385-3B90-A9C1-9ABFF754D31D}"
	ProjectSection(ProjectDependencies) = postProject
		{F5A67C00-9AC4-3666-94FC-484497D93488} = {F5A67C00-9AC4-3666-94FC-484497D93488}
		{5CD39317-CC15-37AB-8AC9-B18FA92E951A} = {5CD39317-CC15-37AB-8AC9-B18FA92E951A}
	EndProjectSection
EndProject
Project("{8BC9CEB8-8B4A-11D0-8D11-00A0C91BC942}") = "6.pbr_2.2.2.ibl_specular_textured", "6.pbr_2.2.2.ibl_specular_textured.vcxproj", "{3713F1FB-9F1E-3939-831A-F2DF0F3BBCCB}"
	ProjectSection(ProjectDependencies) = postProject
		{F5A67C00-9AC4-3666-94FC-484497D93488} = {F5A67C00-9AC4-3666-94FC-484497D93488}
		{5CD39317-CC15-37AB-8AC9-B18FA92E951A} = {5CD39317-CC15-37AB-8AC9-B18FA92E951A}
	EndProjectSection
EndProject
Project("{8BC9CEB8-8B4A-11D0-8D11-00A0C91BC942}") = "7.in_practice_1.debugging", "7.in_practice_1.debugging.vcxproj", "{832EAE3A-8583-32D1-AB1B-A0D99D5EB892}"
	ProjectSection(ProjectDependencies) = postProject
		{F5A67C00-9AC4-3666-94FC-484497D93488} = {F5A67C00-9AC4-3666-94FC-484497D93488}
		{5CD39317-CC15-37AB-8AC9-B18FA92E951A} = {5CD39317-CC15-37AB-8AC9-B18FA92E951A}
	EndProjectSection
EndProject
Project("{8BC9CEB8-8B4A-11D0-8D11-00A0C91BC942}") = "STB_IMAGE", "STB_IMAGE.vcxproj", "{F5A67C00-9AC4-3666-94FC-484497D93488}"
	ProjectSection(ProjectDependencies) = postProject
		{5CD39317-CC15-37AB-8AC9-B18FA92E951A} = {5CD39317-CC15-37AB-8AC9-B18FA92E951A}
	EndProjectSection
EndProject
Project("{8BC9CEB8-8B4A-11D0-8D11-00A0C91BC942}") = "ZERO_CHECK", "ZERO_CHECK.vcxproj", "{5CD39317-CC15-37AB-8AC9-B18FA92E951A}"
	ProjectSection(ProjectDependencies) = postProject
	EndProjectSection
EndProject
Global
	GlobalSection(SolutionConfigurationPlatforms) = preSolution
		Debug|Win32 = Debug|Win32
		Release|Win32 = Release|Win32
		MinSizeRel|Win32 = MinSizeRel|Win32
		RelWithDebInfo|Win32 = RelWithDebInfo|Win32
	EndGlobalSection
	GlobalSection(ProjectConfigurationPlatforms) = postSolution
		{5062DB69-B281-31B0-A7A9-33E0D4C04EB8}.Debug|Win32.ActiveCfg = Debug|Win32
		{5062DB69-B281-31B0-A7A9-33E0D4C04EB8}.Release|Win32.ActiveCfg = Release|Win32
		{5062DB69-B281-31B0-A7A9-33E0D4C04EB8}.MinSizeRel|Win32.ActiveCfg = MinSizeRel|Win32
		{5062DB69-B281-31B0-A7A9-33E0D4C04EB8}.RelWithDebInfo|Win32.ActiveCfg = RelWithDebInfo|Win32
		{B61E3069-37D7-3E91-B06B-0B6542DAC451}.Debug|Win32.ActiveCfg = Debug|Win32
		{B61E3069-37D7-3E91-B06B-0B6542DAC451}.Debug|Win32.Build.0 = Debug|Win32
		{B61E3069-37D7-3E91-B06B-0B6542DAC451}.Release|Win32.ActiveCfg = Release|Win32
		{B61E3069-37D7-3E91-B06B-0B6542DAC451}.Release|Win32.Build.0 = Release|Win32
		{B61E3069-37D7-3E91-B06B-0B6542DAC451}.MinSizeRel|Win32.ActiveCfg = MinSizeRel|Win32
		{B61E3069-37D7-3E91-B06B-0B6542DAC451}.MinSizeRel|Win32.Build.0 = MinSizeRel|Win32
		{B61E3069-37D7-3E91-B06B-0B6542DAC451}.RelWithDebInfo|Win32.ActiveCfg = RelWithDebInfo|Win32
		{B61E3069-37D7-3E91-B06B-0B6542DAC451}.RelWithDebInfo|Win32.Build.0 = RelWithDebInfo|Win32
		{BEFEBD83-96AC-3DCA-83E1-76F080DFD157}.Debug|Win32.ActiveCfg = Debug|Win32
		{BEFEBD83-96AC-3DCA-83E1-76F080DFD157}.Debug|Win32.Build.0 = Debug|Win32
		{BEFEBD83-96AC-3DCA-83E1-76F080DFD157}.Release|Win32.ActiveCfg = Release|Win32
		{BEFEBD83-96AC-3DCA-83E1-76F080DFD157}.Release|Win32.Build.0 = Release|Win32
		{BEFEBD83-96AC-3DCA-83E1-76F080DFD157}.MinSizeRel|Win32.ActiveCfg = MinSizeRel|Win32
		{BEFEBD83-96AC-3DCA-83E1-76F080DFD157}.MinSizeRel|Win32.Build.0 = MinSizeRel|Win32
		{BEFEBD83-96AC-3DCA-83E1-76F080DFD157}.RelWithDebInfo|Win32.ActiveCfg = RelWithDebInfo|Win32
		{BEFEBD83-96AC-3DCA-83E1-76F080DFD157}.RelWithDebInfo|Win32.Build.0 = RelWithDebInfo|Win32
		{4809AD1D-7BF7-3B0A-9B9B-ACEE82B6818D}.Debug|Win32.ActiveCfg = Debug|Win32
		{4809AD1D-7BF7-3B0A-9B9B-ACEE82B6818D}.Debug|Win32.Build.0 = Debug|Win32
		{4809AD1D-7BF7-3B0A-9B9B-ACEE82B6818D}.Release|Win32.ActiveCfg = Release|Win32
		{4809AD1D-7BF7-3B0A-9B9B-ACEE82B6818D}.Release|Win32.Build.0 = Release|Win32
		{4809AD1D-7BF7-3B0A-9B9B-ACEE82B6818D}.MinSizeRel|Win32.ActiveCfg = MinSizeRel|Win32
		{4809AD1D-7BF7-3B0A-9B9B-ACEE82B6818D}.MinSizeRel|Win32.Build.0 = MinSizeRel|Win32
		{4809AD1D-7BF7-3B0A-9B9B-ACEE82B6818D}.RelWithDebInfo|Win32.ActiveCfg = RelWithDebInfo|Win32
		{4809AD1D-7BF7-3B0A-9B9B-ACEE82B6818D}.RelWithDebInfo|Win32.Build.0 = RelWithDebInfo|Win32
		{4A89BCD6-3190-38F9-B9B9-2AB220958E58}.Debug|Win32.ActiveCfg = Debug|Win32
		{4A89BCD6-3190-38F9-B9B9-2AB220958E58}.Debug|Win32.Build.0 = Debug|Win32
		{4A89BCD6-3190-38F9-B9B9-2AB220958E58}.Release|Win32.ActiveCfg = Release|Win32
		{4A89BCD6-3190-38F9-B9B9-2AB220958E58}.Release|Win32.Build.0 = Release|Win32
		{4A89BCD6-3190-38F9-B9B9-2AB220958E58}.MinSizeRel|Win32.ActiveCfg = MinSizeRel|Win32
		{4A89BCD6-3190-38F9-B9B9-2AB220958E58}.MinSizeRel|Win32.Build.0 = MinSizeRel|Win32
		{4A89BCD6-3190-38F9-B9B9-2AB220958E58}.RelWithDebInfo|Win32.ActiveCfg = RelWithDebInfo|Win32
		{4A89BCD6-3190-38F9-B9B9-2AB220958E58}.RelWithDebInfo|Win32.Build.0 = RelWithDebInfo|Win32
		{7BCC9C24-AF6E-32B7-9B05-79A1FD77D246}.Debug|Win32.ActiveCfg = Debug|Win32
		{7BCC9C24-AF6E-32B7-9B05-79A1FD77D246}.Debug|Win32.Build.0 = Debug|Win32
		{7BCC9C24-AF6E-32B7-9B05-79A1FD77D246}.Release|Win32.ActiveCfg = Release|Win32
		{7BCC9C24-AF6E-32B7-9B05-79A1FD77D246}.Release|Win32.Build.0 = Release|Win32
		{7BCC9C24-AF6E-32B7-9B05-79A1FD77D246}.MinSizeRel|Win32.ActiveCfg = MinSizeRel|Win32
		{7BCC9C24-AF6E-32B7-9B05-79A1FD77D246}.MinSizeRel|Win32.Build.0 = MinSizeRel|Win32
		{7BCC9C24-AF6E-32B7-9B05-79A1FD77D246}.RelWithDebInfo|Win32.ActiveCfg = RelWithDebInfo|Win32
		{7BCC9C24-AF6E-32B7-9B05-79A1FD77D246}.RelWithDebInfo|Win32.Build.0 = RelWithDebInfo|Win32
		{40A22199-2B2C-3242-A2FE-8F893D53C85D}.Debug|Win32.ActiveCfg = Debug|Win32
		{40A22199-2B2C-3242-A2FE-8F893D53C85D}.Debug|Win32.Build.0 = Debug|Win32
		{40A22199-2B2C-3242-A2FE-8F893D53C85D}.Release|Win32.ActiveCfg = Release|Win32
		{40A22199-2B2C-3242-A2FE-8F893D53C85D}.Release|Win32.Build.0 = Release|Win32
		{40A22199-2B2C-3242-A2FE-8F893D53C85D}.MinSizeRel|Win32.ActiveCfg = MinSizeRel|Win32
		{40A22199-2B2C-3242-A2FE-8F893D53C85D}.MinSizeRel|Win32.Build.0 = MinSizeRel|Win32
		{40A22199-2B2C-3242-A2FE-8F893D53C85D}.RelWithDebInfo|Win32.ActiveCfg = RelWithDebInfo|Win32
		{40A22199-2B2C-3242-A2FE-8F893D53C85D}.RelWithDebInfo|Win32.Build.0 = RelWithDebInfo|Win32
		{343B7FFC-E161-32BC-BF38-967F29B4E68A}.Debug|Win32.ActiveCfg = Debug|Win32
		{343B7FFC-E161-32BC-BF38-967F29B4E68A}.Debug|Win32.Build.0 = Debug|Win32
		{343B7FFC-E161-32BC-BF38-967F29B4E68A}.Release|Win32.ActiveCfg = Release|Win32
		{343B7FFC-E161-32BC-BF38-967F29B4E68A}.Release|Win32.Build.0 = Release|Win32
		{343B7FFC-E161-32BC-BF38-967F29B4E68A}.MinSizeRel|Win32.ActiveCfg = MinSizeRel|Win32
		{343B7FFC-E161-32BC-BF38-967F29B4E68A}.MinSizeRel|Win32.Build.0 = MinSizeRel|Win32
		{343B7FFC-E161-32BC-BF38-967F29B4E68A}.RelWithDebInfo|Win32.ActiveCfg = RelWithDebInfo|Win32
		{343B7FFC-E161-32BC-BF38-967F29B4E68A}.RelWithDebInfo|Win32.Build.0 = RelWithDebInfo|Win32
		{C25D099D-E8DE-3543-9DD6-8E2B48CB3C63}.Debug|Win32.ActiveCfg = Debug|Win32
		{C25D099D-E8DE-3543-9DD6-8E2B48CB3C63}.Debug|Win32.Build.0 = Debug|Win32
		{C25D099D-E8DE-3543-9DD6-8E2B48CB3C63}.Release|Win32.ActiveCfg = Release|Win32
		{C25D099D-E8DE-3543-9DD6-8E2B48CB3C63}.Release|Win32.Build.0 = Release|Win32
		{C25D099D-E8DE-3543-9DD6-8E2B48CB3C63}.MinSizeRel|Win32.ActiveCfg = MinSizeRel|Win32
		{C25D099D-E8DE-3543-9DD6-8E2B48CB3C63}.MinSizeRel|Win32.Build.0 = MinSizeRel|Win32
		{C25D099D-E8DE-3543-9DD6-8E2B48CB3C63}.RelWithDebInfo|Win32.ActiveCfg = RelWithDebInfo|Win32
		{C25D099D-E8DE-3543-9DD6-8E2B48CB3C63}.RelWithDebInfo|Win32.Build.0 = RelWithDebInfo|Win32
		{831E0593-5D17-304B-AF3E-615FFF760314}.Debug|Win32.ActiveCfg = Debug|Win32
		{831E0593-5D17-304B-AF3E-615FFF760314}.Debug|Win32.Build.0 = Debug|Win32
		{831E0593-5D17-304B-AF3E-615FFF760314}.Release|Win32.ActiveCfg = Release|Win32
		{831E0593-5D17-304B-AF3E-615FFF760314}.Release|Win32.Build.0 = Release|Win32
		{831E0593-5D17-304B-AF3E-615FFF760314}.MinSizeRel|Win32.ActiveCfg = MinSizeRel|Win32
		{831E0593-5D17-304B-AF3E-615FFF760314}.MinSizeRel|Win32.Build.0 = MinSizeRel|Win32
		{831E0593-5D17-304B-AF3E-615FFF760314}.RelWithDebInfo|Win32.ActiveCfg = RelWithDebInfo|Win32
		{831E0593-5D17-304B-AF3E-615FFF760314}.RelWithDebInfo|Win32.Build.0 = RelWithDebInfo|Win32
		{4314C5B6-AC30-3054-9906-3BAAB8984454}.Debug|Win32.ActiveCfg = Debug|Win32
		{4314C5B6-AC30-3054-9906-3BAAB8984454}.Debug|Win32.Build.0 = Debug|Win32
		{4314C5B6-AC30-3054-9906-3BAAB8984454}.Release|Win32.ActiveCfg = Release|Win32
		{4314C5B6-AC30-3054-9906-3BAAB8984454}.Release|Win32.Build.0 = Release|Win32
		{4314C5B6-AC30-3054-9906-3BAAB8984454}.MinSizeRel|Win32.ActiveCfg = MinSizeRel|Win32
		{4314C5B6-AC30-3054-9906-3BAAB8984454}.MinSizeRel|Win32.Build.0 = MinSizeRel|Win32
		{4314C5B6-AC30-3054-9906-3BAAB8984454}.RelWithDebInfo|Win32.ActiveCfg = RelWithDebInfo|Win32
		{4314C5B6-AC30-3054-9906-3BAAB8984454}.RelWithDebInfo|Win32.Build.0 = RelWithDebInfo|Win32
		{15C2F620-6BF3-3443-8C34-FA4A8E6F78DA}.Debug|Win32.ActiveCfg = Debug|Win32
		{15C2F620-6BF3-3443-8C34-FA4A8E6F78DA}.Debug|Win32.Build.0 = Debug|Win32
		{15C2F620-6BF3-3443-8C34-FA4A8E6F78DA}.Release|Win32.ActiveCfg = Release|Win32
		{15C2F620-6BF3-3443-8C34-FA4A8E6F78DA}.Release|Win32.Build.0 = Release|Win32
		{15C2F620-6BF3-3443-8C34-FA4A8E6F78DA}.MinSizeRel|Win32.ActiveCfg = MinSizeRel|Win32
		{15C2F620-6BF3-3443-8C34-FA4A8E6F78DA}.MinSizeRel|Win32.Build.0 = MinSizeRel|Win32
		{15C2F620-6BF3-3443-8C34-FA4A8E6F78DA}.RelWithDebInfo|Win32.ActiveCfg = RelWithDebInfo|Win32
		{15C2F620-6BF3-3443-8C34-FA4A8E6F78DA}.RelWithDebInfo|Win32.Build.0 = RelWithDebInfo|Win32
		{BC92AAE6-0C6E-3E2B-B668-447F756F014B}.Debug|Win32.ActiveCfg = Debug|Win32
		{BC92AAE6-0C6E-3E2B-B668-447F756F014B}.Debug|Win32.Build.0 = Debug|Win32
		{BC92AAE6-0C6E-3E2B-B668-447F756F014B}.Release|Win32.ActiveCfg = Release|Win32
		{BC92AAE6-0C6E-3E2B-B668-447F756F014B}.Release|Win32.Build.0 = Release|Win32
		{BC92AAE6-0C6E-3E2B-B668-447F756F014B}.MinSizeRel|Win32.ActiveCfg = MinSizeRel|Win32
		{BC92AAE6-0C6E-3E2B-B668-447F756F014B}.MinSizeRel|Win32.Build.0 = MinSizeRel|Win32
		{BC92AAE6-0C6E-3E2B-B668-447F756F014B}.RelWithDebInfo|Win32.ActiveCfg = RelWithDebInfo|Win32
		{BC92AAE6-0C6E-3E2B-B668-447F756F014B}.RelWithDebInfo|Win32.Build.0 = RelWithDebInfo|Win32
		{5C61407A-E82A-3DEC-B8B5-39BC3DFC2DED}.Debug|Win32.ActiveCfg = Debug|Win32
		{5C61407A-E82A-3DEC-B8B5-39BC3DFC2DED}.Debug|Win32.Build.0 = Debug|Win32
		{5C61407A-E82A-3DEC-B8B5-39BC3DFC2DED}.Release|Win32.ActiveCfg = Release|Win32
		{5C61407A-E82A-3DEC-B8B5-39BC3DFC2DED}.Release|Win32.Build.0 = Release|Win32
		{5C61407A-E82A-3DEC-B8B5-39BC3DFC2DED}.MinSizeRel|Win32.ActiveCfg = MinSizeRel|Win32
		{5C61407A-E82A-3DEC-B8B5-39BC3DFC2DED}.MinSizeRel|Win32.Build.0 = MinSizeRel|Win32
		{5C61407A-E82A-3DEC-B8B5-39BC3DFC2DED}.RelWithDebInfo|Win32.ActiveCfg = RelWithDebInfo|Win32
		{5C61407A-E82A-3DEC-B8B5-39BC3DFC2DED}.RelWithDebInfo|Win32.Build.0 = RelWithDebInfo|Win32
		{817AA1D3-E58B-363D-976C-B47E024BC7CB}.Debug|Win32.ActiveCfg = Debug|Win32
		{817AA1D3-E58B-363D-976C-B47E024BC7CB}.Debug|Win32.Build.0 = Debug|Win32
		{817AA1D3-E58B-363D-976C-B47E024BC7CB}.Release|Win32.ActiveCfg = Release|Win32
		{817AA1D3-E58B-363D-976C-B47E024BC7CB}.Release|Win32.Build.0 = Release|Win32
		{817AA1D3-E58B-363D-976C-B47E024BC7CB}.MinSizeRel|Win32.ActiveCfg = MinSizeRel|Win32
		{817AA1D3-E58B-363D-976C-B47E024BC7CB}.MinSizeRel|Win32.Build.0 = MinSizeRel|Win32
		{817AA1D3-E58B-363D-976C-B47E024BC7CB}.RelWithDebInfo|Win32.ActiveCfg = RelWithDebInfo|Win32
		{817AA1D3-E58B-363D-976C-B47E024BC7CB}.RelWithDebInfo|Win32.Build.0 = RelWithDebInfo|Win32
		{25194C13-BB30-3386-9FED-FE12FE8201CA}.Debug|Win32.ActiveCfg = Debug|Win32
		{25194C13-BB30-3386-9FED-FE12FE8201CA}.Debug|Win32.Build.0 = Debug|Win32
		{25194C13-BB30-3386-9FED-FE12FE8201CA}.Release|Win32.ActiveCfg = Release|Win32
		{25194C13-BB30-3386-9FED-FE12FE8201CA}.Release|Win32.Build.0 = Release|Win32
		{25194C13-BB30-3386-9FED-FE12FE8201CA}.MinSizeRel|Win32.ActiveCfg = MinSizeRel|Win32
		{25194C13-BB30-3386-9FED-FE12FE8201CA}.MinSizeRel|Win32.Build.0 = MinSizeRel|Win32
		{25194C13-BB30-3386-9FED-FE12FE8201CA}.RelWithDebInfo|Win32.ActiveCfg = RelWithDebInfo|Win32
		{25194C13-BB30-3386-9FED-FE12FE8201CA}.RelWithDebInfo|Win32.Build.0 = RelWithDebInfo|Win32
		{B87A9BF2-9FEC-3EEA-85B8-9011249621FC}.Debug|Win32.ActiveCfg = Debug|Win32
		{B87A9BF2-9FEC-3EEA-85B8-9011249621FC}.Debug|Win32.Build.0 = Debug|Win32
		{B87A9BF2-9FEC-3EEA-85B8-9011249621FC}.Release|Win32.ActiveCfg = Release|Win32
		{B87A9BF2-9FEC-3EEA-85B8-9011249621FC}.Release|Win32.Build.0 = Release|Win32
		{B87A9BF2-9FEC-3EEA-85B8-9011249621FC}.MinSizeRel|Win32.ActiveCfg = MinSizeRel|Win32
		{B87A9BF2-9FEC-3EEA-85B8-9011249621FC}.MinSizeRel|Win32.Build.0 = MinSizeRel|Win32
		{B87A9BF2-9FEC-3EEA-85B8-9011249621FC}.RelWithDebInfo|Win32.ActiveCfg = RelWithDebInfo|Win32
		{B87A9BF2-9FEC-3EEA-85B8-9011249621FC}.RelWithDebInfo|Win32.Build.0 = RelWithDebInfo|Win32
		{DE5E86A7-D640-334C-8966-277E09257C35}.Debug|Win32.ActiveCfg = Debug|Win32
		{DE5E86A7-D640-334C-8966-277E09257C35}.Debug|Win32.Build.0 = Debug|Win32
		{DE5E86A7-D640-334C-8966-277E09257C35}.Release|Win32.ActiveCfg = Release|Win32
		{DE5E86A7-D640-334C-8966-277E09257C35}.Release|Win32.Build.0 = Release|Win32
		{DE5E86A7-D640-334C-8966-277E09257C35}.MinSizeRel|Win32.ActiveCfg = MinSizeRel|Win32
		{DE5E86A7-D640-334C-8966-277E09257C35}.MinSizeRel|Win32.Build.0 = MinSizeRel|Win32
		{DE5E86A7-D640-334C-8966-277E09257C35}.RelWithDebInfo|Win32.ActiveCfg = RelWithDebInfo|Win32
		{DE5E86A7-D640-334C-8966-277E09257C35}.RelWithDebInfo|Win32.Build.0 = RelWithDebInfo|Win32
		{D2856475-583C-35DD-94CF-72C70BB92125}.Debug|Win32.ActiveCfg = Debug|Win32
		{D2856475-583C-35DD-94CF-72C70BB92125}.Debug|Win32.Build.0 = Debug|Win32
		{D2856475-583C-35DD-94CF-72C70BB92125}.Release|Win32.ActiveCfg = Release|Win32
		{D2856475-583C-35DD-94CF-72C70BB92125}.Release|Win32.Build.0 = Release|Win32
		{D2856475-583C-35DD-94CF-72C70BB92125}.MinSizeRel|Win32.ActiveCfg = MinSizeRel|Win32
		{D2856475-583C-35DD-94CF-72C70BB92125}.MinSizeRel|Win32.Build.0 = MinSizeRel|Win32
		{D2856475-583C-35DD-94CF-72C70BB92125}.RelWithDebInfo|Win32.ActiveCfg = RelWithDebInfo|Win32
		{D2856475-583C-35DD-94CF-72C70BB92125}.RelWithDebInfo|Win32.Build.0 = RelWithDebInfo|Win32
		{94CC2F3F-7740-3149-835E-1925A0462233}.Debug|Win32.ActiveCfg = Debug|Win32
		{94CC2F3F-7740-3149-835E-1925A0462233}.Debug|Win32.Build.0 = Debug|Win32
		{94CC2F3F-7740-3149-835E-1925A0462233}.Release|Win32.ActiveCfg = Release|Win32
		{94CC2F3F-7740-3149-835E-1925A0462233}.Release|Win32.Build.0 = Release|Win32
		{94CC2F3F-7740-3149-835E-1925A0462233}.MinSizeRel|Win32.ActiveCfg = MinSizeRel|Win32
		{94CC2F3F-7740-3149-835E-1925A0462233}.MinSizeRel|Win32.Build.0 = MinSizeRel|Win32
		{94CC2F3F-7740-3149-835E-1925A0462233}.RelWithDebInfo|Win32.ActiveCfg = RelWithDebInfo|Win32
		{94CC2F3F-7740-3149-835E-1925A0462233}.RelWithDebInfo|Win32.Build.0 = RelWithDebInfo|Win32
		{7D7751CB-AF93-3ACE-B49B-1DF73D969C0C}.Debug|Win32.ActiveCfg = Debug|Win32
		{7D7751CB-AF93-3ACE-B49B-1DF73D969C0C}.Debug|Win32.Build.0 = Debug|Win32
		{7D7751CB-AF93-3ACE-B49B-1DF73D969C0C}.Release|Win32.ActiveCfg = Release|Win32
		{7D7751CB-AF93-3ACE-B49B-1DF73D969C0C}.Release|Win32.Build.0 = Release|Win32
		{7D7751CB-AF93-3ACE-B49B-1DF73D969C0C}.MinSizeRel|Win32.ActiveCfg = MinSizeRel|Win32
		{7D7751CB-AF93-3ACE-B49B-1DF73D969C0C}.MinSizeRel|Win32.Build.0 = MinSizeRel|Win32
		{7D7751CB-AF93-3ACE-B49B-1DF73D969C0C}.RelWithDebInfo|Win32.ActiveCfg = RelWithDebInfo|Win32
		{7D7751CB-AF93-3ACE-B49B-1DF73D969C0C}.RelWithDebInfo|Win32.Build.0 = RelWithDebInfo|Win32
		{DD74D960-55DB-30FA-BE36-58EB4DEDABE9}.Debug|Win32.ActiveCfg = Debug|Win32
		{DD74D960-55DB-30FA-BE36-58EB4DEDABE9}.Debug|Win32.Build.0 = Debug|Win32
		{DD74D960-55DB-30FA-BE36-58EB4DEDABE9}.Release|Win32.ActiveCfg = Release|Win32
		{DD74D960-55DB-30FA-BE36-58EB4DEDABE9}.Release|Win32.Build.0 = Release|Win32
		{DD74D960-55DB-30FA-BE36-58EB4DEDABE9}.MinSizeRel|Win32.ActiveCfg = MinSizeRel|Win32
		{DD74D960-55DB-30FA-BE36-58EB4DEDABE9}.MinSizeRel|Win32.Build.0 = MinSizeRel|Win32
		{DD74D960-55DB-30FA-BE36-58EB4DEDABE9}.RelWithDebInfo|Win32.ActiveCfg = RelWithDebInfo|Win32
		{DD74D960-55DB-30FA-BE36-58EB4DEDABE9}.RelWithDebInfo|Win32.Build.0 = RelWithDebInfo|Win32
		{C16A468D-1BF0-36A2-92B6-99BF60822194}.Debug|Win32.ActiveCfg = Debug|Win32
		{C16A468D-1BF0-36A2-92B6-99BF60822194}.Debug|Win32.Build.0 = Debug|Win32
		{C16A468D-1BF0-36A2-92B6-99BF60822194}.Release|Win32.ActiveCfg = Release|Win32
		{C16A468D-1BF0-36A2-92B6-99BF60822194}.Release|Win32.Build.0 = Release|Win32
		{C16A468D-1BF0-36A2-92B6-99BF60822194}.MinSizeRel|Win32.ActiveCfg = MinSizeRel|Win32
		{C16A468D-1BF0-36A2-92B6-99BF60822194}.MinSizeRel|Win32.Build.0 = MinSizeRel|Win32
		{C16A468D-1BF0-36A2-92B6-99BF60822194}.RelWithDebInfo|Win32.ActiveCfg = RelWithDebInfo|Win32
		{C16A468D-1BF0-36A2-92B6-99BF60822194}.RelWithDebInfo|Win32.Build.0 = RelWithDebInfo|Win32
		{C2D4451D-D9C9-3AA2-B5F7-8F7AE5C6D493}.Debug|Win32.ActiveCfg = Debug|Win32
		{C2D4451D-D9C9-3AA2-B5F7-8F7AE5C6D493}.Debug|Win32.Build.0 = Debug|Win32
		{C2D4451D-D9C9-3AA2-B5F7-8F7AE5C6D493}.Release|Win32.ActiveCfg = Release|Win32
		{C2D4451D-D9C9-3AA2-B5F7-8F7AE5C6D493}.Release|Win32.Build.0 = Release|Win32
		{C2D4451D-D9C9-3AA2-B5F7-8F7AE5C6D493}.MinSizeRel|Win32.ActiveCfg = MinSizeRel|Win32
		{C2D4451D-D9C9-3AA2-B5F7-8F7AE5C6D493}.MinSizeRel|Win32.Build.0 = MinSizeRel|Win32
		{C2D4451D-D9C9-3AA2-B5F7-8F7AE5C6D493}.RelWithDebInfo|Win32.ActiveCfg = RelWithDebInfo|Win32
		{C2D4451D-D9C9-3AA2-B5F7-8F7AE5C6D493}.RelWithDebInfo|Win32.Build.0 = RelWithDebInfo|Win32
		{062731FE-823A-3DB2-B9D9-866AA853EEE6}.Debug|Win32.ActiveCfg = Debug|Win32
		{062731FE-823A-3DB2-B9D9-866AA853EEE6}.Debug|Win32.Build.0 = Debug|Win32
		{062731FE-823A-3DB2-B9D9-866AA853EEE6}.Release|Win32.ActiveCfg = Release|Win32
		{062731FE-823A-3DB2-B9D9-866AA853EEE6}.Release|Win32.Build.0 = Release|Win32
		{062731FE-823A-3DB2-B9D9-866AA853EEE6}.MinSizeRel|Win32.ActiveCfg = MinSizeRel|Win32
		{062731FE-823A-3DB2-B9D9-866AA853EEE6}.MinSizeRel|Win32.Build.0 = MinSizeRel|Win32
		{062731FE-823A-3DB2-B9D9-866AA853EEE6}.RelWithDebInfo|Win32.ActiveCfg = RelWithDebInfo|Win32
		{062731FE-823A-3DB2-B9D9-866AA853EEE6}.RelWithDebInfo|Win32.Build.0 = RelWithDebInfo|Win32
		{40484F4F-A861-3565-A442-618B5B345722}.Debug|Win32.ActiveCfg = Debug|Win32
		{40484F4F-A861-3565-A442-618B5B345722}.Debug|Win32.Build.0 = Debug|Win32
		{40484F4F-A861-3565-A442-618B5B345722}.Release|Win32.ActiveCfg = Release|Win32
		{40484F4F-A861-3565-A442-618B5B345722}.Release|Win32.Build.0 = Release|Win32
		{40484F4F-A861-3565-A442-618B5B345722}.MinSizeRel|Win32.ActiveCfg = MinSizeRel|Win32
		{40484F4F-A861-3565-A442-618B5B345722}.MinSizeRel|Win32.Build.0 = MinSizeRel|Win32
		{40484F4F-A861-3565-A442-618B5B345722}.RelWithDebInfo|Win32.ActiveCfg = RelWithDebInfo|Win32
		{40484F4F-A861-3565-A442-618B5B345722}.RelWithDebInfo|Win32.Build.0 = RelWithDebInfo|Win32
		{218A8805-7868-3EFA-A202-F42C3597CFA7}.Debug|Win32.ActiveCfg = Debug|Win32
		{218A8805-7868-3EFA-A202-F42C3597CFA7}.Debug|Win32.Build.0 = Debug|Win32
		{218A8805-7868-3EFA-A202-F42C3597CFA7}.Release|Win32.ActiveCfg = Release|Win32
		{218A8805-7868-3EFA-A202-F42C3597CFA7}.Release|Win32.Build.0 = Release|Win32
		{218A8805-7868-3EFA-A202-F42C3597CFA7}.MinSizeRel|Win32.ActiveCfg = MinSizeRel|Win32
		{218A8805-7868-3EFA-A202-F42C3597CFA7}.MinSizeRel|Win32.Build.0 = MinSizeRel|Win32
		{218A8805-7868-3EFA-A202-F42C3597CFA7}.RelWithDebInfo|Win32.ActiveCfg = RelWithDebInfo|Win32
		{218A8805-7868-3EFA-A202-F42C3597CFA7}.RelWithDebInfo|Win32.Build.0 = RelWithDebInfo|Win32
		{1F421DC9-6178-33C1-A550-6E415570B463}.Debug|Win32.ActiveCfg = Debug|Win32
		{1F421DC9-6178-33C1-A550-6E415570B463}.Debug|Win32.Build.0 = Debug|Win32
		{1F421DC9-6178-33C1-A550-6E415570B463}.Release|Win32.ActiveCfg = Release|Win32
		{1F421DC9-6178-33C1-A550-6E415570B463}.Release|Win32.Build.0 = Release|Win32
		{1F421DC9-6178-33C1-A550-6E415570B463}.MinSizeRel|Win32.ActiveCfg = MinSizeRel|Win32
		{1F421DC9-6178-33C1-A550-6E415570B463}.MinSizeRel|Win32.Build.0 = MinSizeRel|Win32
		{1F421DC9-6178-33C1-A550-6E415570B463}.RelWithDebInfo|Win32.ActiveCfg = RelWithDebInfo|Win32
		{1F421DC9-6178-33C1-A550-6E415570B463}.RelWithDebInfo|Win32.Build.0 = RelWithDebInfo|Win32
		{C5019A7C-7EDB-33DF-A2AD-4B84BF7CA7D8}.Debug|Win32.ActiveCfg = Debug|Win32
		{C5019A7C-7EDB-33DF-A2AD-4B84BF7CA7D8}.Debug|Win32.Build.0 = Debug|Win32
		{C5019A7C-7EDB-33DF-A2AD-4B84BF7CA7D8}.Release|Win32.ActiveCfg = Release|Win32
		{C5019A7C-7EDB-33DF-A2AD-4B84BF7CA7D8}.Release|Win32.Build.0 = Release|Win32
		{C5019A7C-7EDB-33DF-A2AD-4B84BF7CA7D8}.MinSizeRel|Win32.ActiveCfg = MinSizeRel|Win32
		{C5019A7C-7EDB-33DF-A2AD-4B84BF7CA7D8}.MinSizeRel|Win32.Build.0 = MinSizeRel|Win32
		{C5019A7C-7EDB-33DF-A2AD-4B84BF7CA7D8}.RelWithDebInfo|Win32.ActiveCfg = RelWithDebInfo|Win32
		{C5019A7C-7EDB-33DF-A2AD-4B84BF7CA7D8}.RelWithDebInfo|Win32.Build.0 = RelWithDebInfo|Win32
		{856AEFA2-2E9B-35CC-B2EF-674ADADE2BE1}.Debug|Win32.ActiveCfg = Debug|Win32
		{856AEFA2-2E9B-35CC-B2EF-674ADADE2BE1}.Debug|Win32.Build.0 = Debug|Win32
		{856AEFA2-2E9B-35CC-B2EF-674ADADE2BE1}.Release|Win32.ActiveCfg = Release|Win32
		{856AEFA2-2E9B-35CC-B2EF-674ADADE2BE1}.Release|Win32.Build.0 = Release|Win32
		{856AEFA2-2E9B-35CC-B2EF-674ADADE2BE1}.MinSizeRel|Win32.ActiveCfg = MinSizeRel|Win32
		{856AEFA2-2E9B-35CC-B2EF-674ADADE2BE1}.MinSizeRel|Win32.Build.0 = MinSizeRel|Win32
		{856AEFA2-2E9B-35CC-B2EF-674ADADE2BE1}.RelWithDebInfo|Win32.ActiveCfg = RelWithDebInfo|Win32
		{856AEFA2-2E9B-35CC-B2EF-674ADADE2BE1}.RelWithDebInfo|Win32.Build.0 = RelWithDebInfo|Win32
		{9D05034A-7EF9-3388-980E-4184792F9608}.Debug|Win32.ActiveCfg = Debug|Win32
		{9D05034A-7EF9-3388-980E-4184792F9608}.Debug|Win32.Build.0 = Debug|Win32
		{9D05034A-7EF9-3388-980E-4184792F9608}.Release|Win32.ActiveCfg = Release|Win32
		{9D05034A-7EF9-3388-980E-4184792F9608}.Release|Win32.Build.0 = Release|Win32
		{9D05034A-7EF9-3388-980E-4184792F9608}.MinSizeRel|Win32.ActiveCfg = MinSizeRel|Win32
		{9D05034A-7EF9-3388-980E-4184792F9608}.MinSizeRel|Win32.Build.0 = MinSizeRel|Win32
		{9D05034A-7EF9-3388-980E-4184792F9608}.RelWithDebInfo|Win32.ActiveCfg = RelWithDebInfo|Win32
		{9D05034A-7EF9-3388-980E-4184792F9608}.RelWithDebInfo|Win32.Build.0 = RelWithDebInfo|Win32
		{F5517F39-0B72-38DA-9D29-BBB0988EDBCD}.Debug|Win32.ActiveCfg = Debug|Win32
		{F5517F39-0B72-38DA-9D29-BBB0988EDBCD}.Debug|Win32.Build.0 = Debug|Win32
		{F5517F39-0B72-38DA-9D29-BBB0988EDBCD}.Release|Win32.ActiveCfg = Release|Win32
		{F5517F39-0B72-38DA-9D29-BBB0988EDBCD}.Release|Win32.Build.0 = Release|Win32
		{F5517F39-0B72-38DA-9D29-BBB0988EDBCD}.MinSizeRel|Win32.ActiveCfg = MinSizeRel|Win32
		{F5517F39-0B72-38DA-9D29-BBB0988EDBCD}.MinSizeRel|Win32.Build.0 = MinSizeRel|Win32
		{F5517F39-0B72-38DA-9D29-BBB0988EDBCD}.RelWithDebInfo|Win32.ActiveCfg = RelWithDebInfo|Win32
		{F5517F39-0B72-38DA-9D29-BBB0988EDBCD}.RelWithDebInfo|Win32.Build.0 = RelWithDebInfo|Win32
		{B0AE3C27-26F7-3A2D-86EB-83A55E265C6B}.Debug|Win32.ActiveCfg = Debug|Win32
		{B0AE3C27-26F7-3A2D-86EB-83A55E265C6B}.Debug|Win32.Build.0 = Debug|Win32
		{B0AE3C27-26F7-3A2D-86EB-83A55E265C6B}.Release|Win32.ActiveCfg = Release|Win32
		{B0AE3C27-26F7-3A2D-86EB-83A55E265C6B}.Release|Win32.Build.0 = Release|Win32
		{B0AE3C27-26F7-3A2D-86EB-83A55E265C6B}.MinSizeRel|Win32.ActiveCfg = MinSizeRel|Win32
		{B0AE3C27-26F7-3A2D-86EB-83A55E265C6B}.MinSizeRel|Win32.Build.0 = MinSizeRel|Win32
		{B0AE3C27-26F7-3A2D-86EB-83A55E265C6B}.RelWithDebInfo|Win32.ActiveCfg = RelWithDebInfo|Win32
		{B0AE3C27-26F7-3A2D-86EB-83A55E265C6B}.RelWithDebInfo|Win32.Build.0 = RelWithDebInfo|Win32
		{BAB0260F-274C-3462-9B49-71DD1E23568C}.Debug|Win32.ActiveCfg = Debug|Win32
		{BAB0260F-274C-3462-9B49-71DD1E23568C}.Debug|Win32.Build.0 = Debug|Win32
		{BAB0260F-274C-3462-9B49-71DD1E23568C}.Release|Win32.ActiveCfg = Release|Win32
		{BAB0260F-274C-3462-9B49-71DD1E23568C}.Release|Win32.Build.0 = Release|Win32
		{BAB0260F-274C-3462-9B49-71DD1E23568C}.MinSizeRel|Win32.ActiveCfg = MinSizeRel|Win32
		{BAB0260F-274C-3462-9B49-71DD1E23568C}.MinSizeRel|Win32.Build.0 = MinSizeRel|Win32
		{BAB0260F-274C-3462-9B49-71DD1E23568C}.RelWithDebInfo|Win32.ActiveCfg = RelWithDebInfo|Win32
		{BAB0260F-274C-3462-9B49-71DD1E23568C}.RelWithDebInfo|Win32.Build.0 = RelWithDebInfo|Win32
		{51DD5D3F-D36F-32F3-A2AC-15102916BEDB}.Debug|Win32.ActiveCfg = Debug|Win32
		{51DD5D3F-D36F-32F3-A2AC-15102916BEDB}.Debug|Win32.Build.0 = Debug|Win32
		{51DD5D3F-D36F-32F3-A2AC-15102916BEDB}.Release|Win32.ActiveCfg = Release|Win32
		{51DD5D3F-D36F-32F3-A2AC-15102916BEDB}.Release|Win32.Build.0 = Release|Win32
		{51DD5D3F-D36F-32F3-A2AC-15102916BEDB}.MinSizeRel|Win32.ActiveCfg = MinSizeRel|Win32
		{51DD5D3F-D36F-32F3-A2AC-15102916BEDB}.MinSizeRel|Win32.Build.0 = MinSizeRel|Win32
		{51DD5D3F-D36F-32F3-A2AC-15102916BEDB}.RelWithDebInfo|Win32.ActiveCfg = RelWithDebInfo|Win32
		{51DD5D3F-D36F-32F3-A2AC-15102916BEDB}.RelWithDebInfo|Win32.Build.0 = RelWithDebInfo|Win32
		{3E463D38-671C-3512-8985-C89EDEBE3B88}.Debug|Win32.ActiveCfg = Debug|Win32
		{3E463D38-671C-3512-8985-C89EDEBE3B88}.Debug|Win32.Build.0 = Debug|Win32
		{3E463D38-671C-3512-8985-C89EDEBE3B88}.Release|Win32.ActiveCfg = Release|Win32
		{3E463D38-671C-3512-8985-C89EDEBE3B88}.Release|Win32.Build.0 = Release|Win32
		{3E463D38-671C-3512-8985-C89EDEBE3B88}.MinSizeRel|Win32.ActiveCfg = MinSizeRel|Win32
		{3E463D38-671C-3512-8985-C89EDEBE3B88}.MinSizeRel|Win32.Build.0 = MinSizeRel|Win32
		{3E463D38-671C-3512-8985-C89EDEBE3B88}.RelWithDebInfo|Win32.ActiveCfg = RelWithDebInfo|Win32
		{3E463D38-671C-3512-8985-C89EDEBE3B88}.RelWithDebInfo|Win32.Build.0 = RelWithDebInfo|Win32
		{B5B07831-1386-3624-9D89-F7192C1B6E75}.Debug|Win32.ActiveCfg = Debug|Win32
		{B5B07831-1386-3624-9D89-F7192C1B6E75}.Debug|Win32.Build.0 = Debug|Win32
		{B5B07831-1386-3624-9D89-F7192C1B6E75}.Release|Win32.ActiveCfg = Release|Win32
		{B5B07831-1386-3624-9D89-F7192C1B6E75}.Release|Win32.Build.0 = Release|Win32
		{B5B07831-1386-3624-9D89-F7192C1B6E75}.MinSizeRel|Win32.ActiveCfg = MinSizeRel|Win32
		{B5B07831-1386-3624-9D89-F7192C1B6E75}.MinSizeRel|Win32.Build.0 = MinSizeRel|Win32
		{B5B07831-1386-3624-9D89-F7192C1B6E75}.RelWithDebInfo|Win32.ActiveCfg = RelWithDebInfo|Win32
		{B5B07831-1386-3624-9D89-F7192C1B6E75}.RelWithDebInfo|Win32.Build.0 = RelWithDebInfo|Win32
		{D0F17626-9E79-3542-9168-AA8DC83ED482}.Debug|Win32.ActiveCfg = Debug|Win32
		{D0F17626-9E79-3542-9168-AA8DC83ED482}.Debug|Win32.Build.0 = Debug|Win32
		{D0F17626-9E79-3542-9168-AA8DC83ED482}.Release|Win32.ActiveCfg = Release|Win32
		{D0F17626-9E79-3542-9168-AA8DC83ED482}.Release|Win32.Build.0 = Release|Win32
		{D0F17626-9E79-3542-9168-AA8DC83ED482}.MinSizeRel|Win32.ActiveCfg = MinSizeRel|Win32
		{D0F17626-9E79-3542-9168-AA8DC83ED482}.MinSizeRel|Win32.Build.0 = MinSizeRel|Win32
		{D0F17626-9E79-3542-9168-AA8DC83ED482}.RelWithDebInfo|Win32.ActiveCfg = RelWithDebInfo|Win32
		{D0F17626-9E79-3542-9168-AA8DC83ED482}.RelWithDebInfo|Win32.Build.0 = RelWithDebInfo|Win32
		{58B16721-FA3A-3B1D-8E29-EC8DEBD85CED}.Debug|Win32.ActiveCfg = Debug|Win32
		{58B16721-FA3A-3B1D-8E29-EC8DEBD85CED}.Debug|Win32.Build.0 = Debug|Win32
		{58B16721-FA3A-3B1D-8E29-EC8DEBD85CED}.Release|Win32.ActiveCfg = Release|Win32
		{58B16721-FA3A-3B1D-8E29-EC8DEBD85CED}.Release|Win32.Build.0 = Release|Win32
		{58B16721-FA3A-3B1D-8E29-EC8DEBD85CED}.MinSizeRel|Win32.ActiveCfg = MinSizeRel|Win32
		{58B16721-FA3A-3B1D-8E29-EC8DEBD85CED}.MinSizeRel|Win32.Build.0 = MinSizeRel|Win32
		{58B16721-FA3A-3B1D-8E29-EC8DEBD85CED}.RelWithDebInfo|Win32.ActiveCfg = RelWithDebInfo|Win32
		{58B16721-FA3A-3B1D-8E29-EC8DEBD85CED}.RelWithDebInfo|Win32.Build.0 = RelWithDebInfo|Win32
		{C8B84239-E385-3B90-A9C1-9ABFF754D31D}.Debug|Win32.ActiveCfg = Debug|Win32
		{C8B84239-E385-3B90-A9C1-9ABFF754D31D}.Debug|Win32.Build.0 = Debug|Win32
		{C8B84239-E385-3B90-A9C1-9ABFF754D31D}.Release|Win32.ActiveCfg = Release|Win32
		{C8B84239-E385-3B90-A9C1-9ABFF754D31D}.Release|Win32.Build.0 = Release|Win32
		{C8B84239-E385-3B90-A9C1-9ABFF754D31D}.MinSizeRel|Win32.ActiveCfg = MinSizeRel|Win32
		{C8B84239-E385-3B90-A9C1-9ABFF754D31D}.MinSizeRel|Win32.Build.0 = MinSizeRel|Win32
		{C8B84239-E385-3B90-A9C1-9ABFF754D31D}.RelWithDebInfo|Win32.ActiveCfg = RelWithDebInfo|Win32
		{C8B84239-E385-3B90-A9C1-9ABFF754D31D}.RelWithDebInfo|Win32.Build.0 = RelWithDebInfo|Win32
		{3713F1FB-9F1E-3939-831A-F2DF0F3BBCCB}.Debug|Win32.ActiveCfg = Debug|Win32
		{3713F1FB-9F1E-3939-831A-F2DF0F3BBCCB}.Debug|Win32.Build.0 = Debug|Win32
		{3713F1FB-9F1E-3939-831A-F2DF0F3BBCCB}.Release|Win32.ActiveCfg = Release|Win32
		{3713F1FB-9F1E-3939-831A-F2DF0F3BBCCB}.Release|Win32.Build.0 = Release|Win32
		{3713F1FB-9F1E-3939-831A-F2DF0F3BBCCB}.MinSizeRel|Win32.ActiveCfg = MinSizeRel|Win32
		{3713F1FB-9F1E-3939-831A-F2DF0F3BBCCB}.MinSizeRel|Win32.Build.0 = MinSizeRel|Win32
		{3713F1FB-9F1E-3939-831A-F2DF0F3BBCCB}.RelWithDebInfo|Win32.ActiveCfg = RelWithDebInfo|Win32
		{3713F1FB-9F1E-3939-831A-F2DF0F3BBCCB}.RelWithDebInfo|Win32.Build.0 = RelWithDebInfo|Win32
		{832EAE3A-8583-32D1-AB1B-A0D99D5EB892}.Debug|Win32.ActiveCfg = Debug|Win32
		{832EAE3A-8583-32D1-AB1B-A0D99D5EB892}.Debug|Win32.Build.0 = Debug|Win32
		{832EAE3A-8583-32D1-AB1B-A0D99D5EB892}.Release|Win32.ActiveCfg = Release|Win32
		{832EAE3A-8583-32D1-AB1B-A0D99D5EB892}.Release|Win32.Build.0 = Release|Win32
		{832EAE3A-8583-32D1-AB1B-A0D99D5EB892}.MinSizeRel|Win32.ActiveCfg = MinSizeRel|Win32
		{832EAE3A-8583-32D1-AB1B-A0D99D5EB892}.MinSizeRel|Win32.Build.0 = MinSizeRel|Win32
		{832EAE3A-8583-32D1-AB1B-A0D99D5EB892}.RelWithDebInfo|Win32.ActiveCfg = RelWithDebInfo|Win32
		{832EAE3A-8583-32D1-AB1B-A0D99D5EB892}.RelWithDebInfo|Win32.Build.0 = RelWithDebInfo|Win32
		{F5A67C00-9AC4-3666-94FC-484497D93488}.Debug|Win32.ActiveCfg = Debug|Win32
		{F5A67C00-9AC4-3666-94FC-484497D93488}.Debug|Win32.Build.0 = Debug|Win32
		{F5A67C00-9AC4-3666-94FC-484497D93488}.Release|Win32.ActiveCfg = Release|Win32
		{F5A67C00-9AC4-3666-94FC-484497D93488}.Release|Win32.Build.0 = Release|Win32
		{F5A67C00-9AC4-3666-94FC-484497D93488}.MinSizeRel|Win32.ActiveCfg = MinSizeRel|Win32
		{F5A67C00-9AC4-3666-94FC-484497D93488}.MinSizeRel|Win32.Build.0 = MinSizeRel|Win32
		{F5A67C00-9AC4-3666-94FC-484497D93488}.RelWithDebInfo|Win32.ActiveCfg = RelWithDebInfo|Win32
		{F5A67C00-9AC4-3666-94FC-484497D93488}.RelWithDebInfo|Win32.Build.0 = RelWithDebInfo|Win32
		{5CD39317-CC15-37AB-8AC9-B18FA92E951A}.Debug|Win32.ActiveCfg = Debug|Win32
		{5CD39317-CC15-37AB-8AC9-B18FA92E951A}.Debug|Win32.Build.0 = Debug|Win32
		{5CD39317-CC15-37AB-8AC9-B18FA92E951A}.Release|Win32.ActiveCfg = Release|Win32
		{5CD39317-CC15-37AB-8AC9-B18FA92E951A}.Release|Win32.Build.0 = Release|Win32
		{5CD39317-CC15-37AB-8AC9-B18FA92E951A}.MinSizeRel|Win32.ActiveCfg = MinSizeRel|Win32
		{5CD39317-CC15-37AB-8AC9-B18FA92E951A}.MinSizeRel|Win32.Build.0 = MinSizeRel|Win32
		{5CD39317-CC15-37AB-8AC9-B18FA92E951A}.RelWithDebInfo|Win32.ActiveCfg = RelWithDebInfo|Win32
		{5CD39317-CC15-37AB-8AC9-B18FA92E951A}.RelWithDebInfo|Win32.Build.0 = RelWithDebInfo|Win32
	EndGlobalSection
	GlobalSection(ExtensibilityGlobals) = postSolution
	EndGlobalSection
	GlobalSection(ExtensibilityAddIns) = postSolution
	EndGlobalSection
EndGlobal
